
Microsoft Visual Studio Solution File, Format Version 12.00
# Visual Studio Version 16
VisualStudioVersion = 16.0.30503.244
MinimumVisualStudioVersion = 10.0.40219.1
Project("{FAE04EC0-301F-11D3-BF4B-00C04F79EFBC}") = "Easy And Fun Game", "Easy And Fun Game.csproj", "{921F4DCD-117F-4409-8B06-C3E5370A6AC3}"
EndProject
Global
	GlobalSection(SolutionConfigurationPlatforms) = preSolution
		Debug|Any CPU = Debug|Any CPU
		Release|Any CPU = Release|Any CPU
	EndGlobalSection
	GlobalSection(ProjectConfigurationPlatforms) = postSolution
		{921F4DCD-117F-4409-8B06-C3E5370A6AC3}.Debug|Any CPU.ActiveCfg = Debug|Any CPU
		{921F4DCD-117F-4409-8B06-C3E5370A6AC3}.Debug|Any CPU.Build.0 = Debug|Any CPU
		{921F4DCD-117F-4409-8B06-C3E5370A6AC3}.Release|Any CPU.ActiveCfg = Release|Any CPU
		{921F4DCD-117F-4409-8B06-C3E5370A6AC3}.Release|Any CPU.Build.0 = Release|Any CPU
	EndGlobalSection
	GlobalSection(SolutionProperties) = preSolution
		HideSolutionNode = FALSE
	EndGlobalSection
	GlobalSection(ExtensibilityGlobals) = postSolution
		SolutionGuid = {01CF863A-DD7E-493B-9389-33D3486AB70C}
	EndGlobalSection
EndGlobal
